<?xml version="1.0" encoding="utf-8"?>
<Project ToolsVersion="4.0" xmlns="http://schemas.microsoft.com/developer/msbuild/2003">
  <ItemGroup>
    <Filter Include="Source Files">
      <UniqueIdentifier>{4FC737F1-C7A5-4376-A066-2A32D752A2FF}</UniqueIdentifier>
      <Extensions>cpp;c;cc;cxx;def;odl;idl;hpj;bat;asm;asmx</Extensions>
    </Filter>
    <Filter Include="Header Files">
      <UniqueIdentifier>{93995380-89BD-4b04-88EB-625FBE52EBFB}</UniqueIdentifier>
      <Extensions>h;hpp;hxx;hm;inl;inc;xsd</Extensions>
    </Filter>
    <Filter Include="Resource Files">
      <UniqueIdentifier>{67DA6AB6-F800-4c08-8B7A-83BB121AAD01}</UniqueIdentifier>
      <Extensions>rc;ico;cur;bmp;dlg;rc2;rct;bin;rgs;gif;jpg;jpeg;jpe;resx;tiff;tif;png;wav;mfcribbon-ms</Extensions>
    </Filter>
    <Filter Include="Header Files\Engine">
      <UniqueIdentifier>{22a9ad6e-9525-4358-90ff-47b7952f936d}</UniqueIdentifier>
    </Filter>
    <Filter Include="Header Files\GLobjectWrappers">
      <UniqueIdentifier>{f346c48d-6b48-48c6-92b1-aa6532572e4f}</UniqueIdentifier>
    </Filter>
    <Filter Include="Source Files\GLobjectWrappers">
      <UniqueIdentifier>{06a21ece-50f8-4ee8-94b8-1c252e6e9c93}</UniqueIdentifier>
    </Filter>
    <Filter Include="Source Files\Engine">
      <UniqueIdentifier>{0ef6cf6b-879c-44d9-bbea-614616a54de4}</UniqueIdentifier>
    </Filter>
    <Filter Include="Header Files\Utilities">
      <UniqueIdentifier>{62cb21f9-4c1b-49f2-a9f4-eab162ac5fcb}</UniqueIdentifier>
    </Filter>
    <Filter Include="Source Files\Utilities">
      <UniqueIdentifier>{f6ce46c3-6fef-4049-bddc-5edad117f374}</UniqueIdentifier>
    </Filter>
    <Filter Include="Header Files\Stock">
      <UniqueIdentifier>{4b12af9f-28dd-49d2-b00d-84c7486f3888}</UniqueIdentifier>
    </Filter>
    <Filter Include="Source Files\Stock">
      <UniqueIdentifier>{356d0893-3995-4616-918d-9e5c136b8dad}</UniqueIdentifier>
    </Filter>
    <Filter Include="Source Files\Geometry">
      <UniqueIdentifier>{1207662a-e01c-49b1-b881-8856432a7d73}</UniqueIdentifier>
    </Filter>
    <Filter Include="Header Files\Geometry">
      <UniqueIdentifier>{ce2821c7-e0ac-4711-a163-93d5180a21b7}</UniqueIdentifier>
    </Filter>
    <Filter Include="Source Files\Engine\Camera">
      <UniqueIdentifier>{f12012fa-9db0-46f4-b4d5-87ae54068a02}</UniqueIdentifier>
    </Filter>
    <Filter Include="Header Files\Engine\Camera">
      <UniqueIdentifier>{90a32d6b-22f8-4a7d-8761-de65d51be5c2}</UniqueIdentifier>
    </Filter>
    <Filter Include="Header Files\Stock\Shaders">
      <UniqueIdentifier>{73ca07d5-d897-470f-a6a7-bf0a804d9cd2}</UniqueIdentifier>
    </Filter>
    <Filter Include="Header Files\GLobjectWrappers\Program">
      <UniqueIdentifier>{76b09259-1d3b-4900-8c30-a0b2637027a9}</UniqueIdentifier>
    </Filter>
    <Filter Include="Source Files\GLobjectWrappers\Program">
      <UniqueIdentifier>{01ae5767-c9e2-42fc-8ac8-b58a0d512529}</UniqueIdentifier>
    </Filter>
    <Filter Include="Header Files\Engine\Light">
      <UniqueIdentifier>{c43c0f2e-8200-4bf8-a5c8-85bfd6fd0511}</UniqueIdentifier>
    </Filter>
    <Filter Include="Source Files\Engine\Light">
      <UniqueIdentifier>{3d39a683-4b1e-40dc-9179-2f6233de3eb0}</UniqueIdentifier>
    </Filter>
    <Filter Include="Header Files\GLobjectWrappers\Texture">
      <UniqueIdentifier>{25524eac-32c1-472e-bdd7-43499bfb6d75}</UniqueIdentifier>
    </Filter>
    <Filter Include="Source Files\GLobjectWrappers\Texture">
      <UniqueIdentifier>{dcdffc8d-43c1-46cd-a51b-7379ba69ff13}</UniqueIdentifier>
    </Filter>
  </ItemGroup>
  <ItemGroup>
    <None Include="ReadMe.txt" />
    <None Include="StockShaders\Simple.vert">
      <Filter>Header Files\Stock\Shaders</Filter>
    </None>
    <None Include="StockShaders\Simple.frag">
      <Filter>Header Files\Stock\Shaders</Filter>
    </None>
    <None Include="StockShaders\NormalShader.vert">
      <Filter>Header Files\Stock\Shaders</Filter>
    </None>
    <None Include="StockShaders\NormalShader.geom">
      <Filter>Header Files\Stock\Shaders</Filter>
    </None>
    <None Include="StockShaders\NormalShader.frag">
      <Filter>Header Files\Stock\Shaders</Filter>
    </None>
    <None Include="StockShaders\AmbientLight.frag">
      <Filter>Header Files\Stock\Shaders</Filter>
    </None>
    <None Include="StockShaders\DiffuseLight.frag">
      <Filter>Header Files\Stock\Shaders</Filter>
    </None>
    <None Include="StockShaders\Lighting.vert">
      <Filter>Header Files\Stock\Shaders</Filter>
    </None>
    <None Include="StockShaders\PhongLighting.frag">
      <Filter>Header Files\Stock\Shaders</Filter>
    </None>
    <None Include="StockShaders\UnLitSimple.frag">
      <Filter>Header Files\Stock\Shaders</Filter>
    </None>
    <None Include="StockShaders\UnLitSimple.vert">
      <Filter>Header Files\Stock\Shaders</Filter>
    </None>
  </ItemGroup>
  <ItemGroup>
    <ClCompile Include="VertexAttribArray.cpp">
      <Filter>Source Files\GLobjectWrappers</Filter>
    </ClCompile>
    <ClCompile Include="VertexArrayObject.cpp">
      <Filter>Source Files\GLobjectWrappers</Filter>
    </ClCompile>
    <ClCompile Include="BufferObject.cpp">
      <Filter>Source Files\GLobjectWrappers</Filter>
    </ClCompile>
    <ClCompile Include="Drawable.cpp">
      <Filter>Source Files\Engine</Filter>
    </ClCompile>
    <ClCompile Include="Engine.cpp">
      <Filter>Source Files\Engine</Filter>
    </ClCompile>
    <ClCompile Include="Input.cpp">
      <Filter>Source Files\Engine</Filter>
    </ClCompile>
    <ClCompile Include="InputObserver.cpp">
      <Filter>Source Files\Engine</Filter>
    </ClCompile>
    <ClCompile Include="Updateable.cpp">
      <Filter>Source Files\Engine</Filter>
    </ClCompile>
    <ClCompile Include="MatrixStack.cpp">
      <Filter>Source Files\Utilities</Filter>
    </ClCompile>
    <ClCompile Include="VertexShader.cpp">
      <Filter>Source Files\GLobjectWrappers\Program</Filter>
    </ClCompile>
    <ClCompile Include="Shader.cpp">
      <Filter>Source Files\GLobjectWrappers\Program</Filter>
    </ClCompile>
    <ClCompile Include="Program.cpp">
      <Filter>Source Files\GLobjectWrappers\Program</Filter>
    </ClCompile>
    <ClCompile Include="GeometryShader.cpp">
      <Filter>Source Files\GLobjectWrappers\Program</Filter>
    </ClCompile>
    <ClCompile Include="FragmentShader.cpp">
      <Filter>Source Files\GLobjectWrappers\Program</Filter>
    </ClCompile>
    <ClCompile Include="StockCameraHandler.cpp">
      <Filter>Source Files\Stock</Filter>
    </ClCompile>
    <ClCompile Include="IndexContainer.cpp">
      <Filter>Source Files\Utilities</Filter>
    </ClCompile>
    <ClCompile Include="NormalDrawer.cpp">
      <Filter>Source Files\Stock</Filter>
    </ClCompile>
    <ClCompile Include="SineCosine.cpp">
      <Filter>Source Files\Stock</Filter>
    </ClCompile>
    <ClCompile Include="Function.cpp">
      <Filter>Source Files\Geometry</Filter>
    </ClCompile>
    <ClCompile Include="FunctionGraph.cpp">
      <Filter>Source Files\Geometry</Filter>
    </ClCompile>
    <ClCompile Include="Camera.cpp">
      <Filter>Source Files\Engine\Camera</Filter>
    </ClCompile>
    <ClCompile Include="CameraHandler.cpp">
      <Filter>Source Files\Engine\Camera</Filter>
    </ClCompile>
    <ClCompile Include="UniformBuffer.cpp">
      <Filter>Source Files\GLobjectWrappers</Filter>
    </ClCompile>
    <ClCompile Include="Renderer.cpp">
      <Filter>Source Files\Engine</Filter>
    </ClCompile>
    <ClCompile Include="LitObject.cpp">
      <Filter>Source Files\Engine</Filter>
    </ClCompile>
    <ClCompile Include="Light.cpp">
      <Filter>Source Files\Engine\Light</Filter>
    </ClCompile>
    <ClCompile Include="DiffuseLight.cpp">
      <Filter>Source Files\Engine\Light</Filter>
    </ClCompile>
    <ClCompile Include="AmbientLight.cpp">
      <Filter>Source Files\Engine\Light</Filter>
    </ClCompile>
    <ClCompile Include="SpecularPointLight.cpp">
      <Filter>Source Files\Engine\Light</Filter>
    </ClCompile>
    <ClCompile Include="OGLobject.cpp">
      <Filter>Source Files\GLobjectWrappers</Filter>
    </ClCompile>
    <ClCompile Include="Texture2D.cpp">
      <Filter>Source Files\GLobjectWrappers\Texture</Filter>
    </ClCompile>
    <ClCompile Include="Texture.cpp">
      <Filter>Source Files\GLobjectWrappers\Texture</Filter>
    </ClCompile>
    <ClCompile Include="RenderBufferObject.cpp">
      <Filter>Source Files\GLobjectWrappers</Filter>
    </ClCompile>
    <ClCompile Include="FrameBufferObject.cpp">
      <Filter>Source Files\GLobjectWrappers</Filter>
    </ClCompile>
    <ClCompile Include="Square.cpp">
      <Filter>Source Files\Geometry</Filter>
    </ClCompile>
    <ClCompile Include="Triangle.cpp">
      <Filter>Source Files\Geometry</Filter>
    </ClCompile>
    <ClCompile Include="Material.cpp">
      <Filter>Source Files\Engine</Filter>
    </ClCompile>
    <ClCompile Include="UnLitObject.cpp">
      <Filter>Source Files\Engine</Filter>
    </ClCompile>
    <ClCompile Include="Mesh.cpp">
      <Filter>Source Files\Geometry</Filter>
    </ClCompile>
    <ClCompile Include="Sphere.cpp">
      <Filter>Source Files\Geometry</Filter>
    </ClCompile>
    <ClCompile Include="Vertex.cpp">
      <Filter>Source Files\Geometry</Filter>
    </ClCompile>
    <ClCompile Include="MathFunctions.cpp">
      <Filter>Source Files\Utilities</Filter>
    </ClCompile>
    <ClCompile Include="tiny_obj_loader.cc">
      <Filter>Source Files\Utilities</Filter>
    </ClCompile>
    <ClCompile Include="Object3D.cpp">
      <Filter>Source Files\Geometry</Filter>
    </ClCompile>
    <ClCompile Include="UnlitObject3D.cpp">
      <Filter>Source Files\Geometry</Filter>
    </ClCompile>
  </ItemGroup>
  <ItemGroup>
    <ClInclude Include="Updateable.h">
      <Filter>Header Files\Engine</Filter>
    </ClInclude>
    <ClInclude Include="Input.h">
      <Filter>Header Files\Engine</Filter>
    </ClInclude>
    <ClInclude Include="InputObserver.h">
      <Filter>Header Files\Engine</Filter>
    </ClInclude>
    <ClInclude Include="Drawable.h">
      <Filter>Header Files\Engine</Filter>
    </ClInclude>
    <ClInclude Include="BufferObject.h">
      <Filter>Header Files\GLobjectWrappers</Filter>
    </ClInclude>
    <ClInclude Include="VertexArrayObject.h">
      <Filter>Header Files\GLobjectWrappers</Filter>
    </ClInclude>
    <ClInclude Include="VertexAttribArray.h">
      <Filter>Header Files\GLobjectWrappers</Filter>
    </ClInclude>
    <ClInclude Include="MatrixStack.h">
      <Filter>Header Files\Utilities</Filter>
    </ClInclude>
    <ClInclude Include="MathFunctions.h">
      <Filter>Header Files\Utilities</Filter>
    </ClInclude>
    <ClInclude Include="VertexShader.h">
      <Filter>Header Files\GLobjectWrappers\Program</Filter>
    </ClInclude>
    <ClInclude Include="Shader.h">
      <Filter>Header Files\GLobjectWrappers\Program</Filter>
    </ClInclude>
    <ClInclude Include="Program.h">
      <Filter>Header Files\GLobjectWrappers\Program</Filter>
    </ClInclude>
    <ClInclude Include="GeometryShader.h">
      <Filter>Header Files\GLobjectWrappers\Program</Filter>
    </ClInclude>
    <ClInclude Include="FragmentShader.h">
      <Filter>Header Files\GLobjectWrappers\Program</Filter>
    </ClInclude>
    <ClInclude Include="StockCameraHandler.h">
      <Filter>Header Files\Stock</Filter>
    </ClInclude>
    <ClInclude Include="Vertex.h">
      <Filter>Header Files\Geometry</Filter>
    </ClInclude>
    <ClInclude Include="Mesh.h">
      <Filter>Header Files\Geometry</Filter>
    </ClInclude>
    <ClInclude Include="IndexContainer.h">
      <Filter>Header Files\Utilities</Filter>
    </ClInclude>
    <ClInclude Include="NormalDrawer.h">
      <Filter>Header Files\Stock</Filter>
    </ClInclude>
    <ClInclude Include="SineCosine.h">
      <Filter>Header Files\Stock</Filter>
    </ClInclude>
    <ClInclude Include="Function.h">
      <Filter>Header Files\Geometry</Filter>
    </ClInclude>
    <ClInclude Include="FunctionGraph.h">
      <Filter>Header Files\Geometry</Filter>
    </ClInclude>
    <ClInclude Include="Camera.h">
      <Filter>Header Files\Engine\Camera</Filter>
    </ClInclude>
    <ClInclude Include="CameraHandler.h">
      <Filter>Header Files\Engine\Camera</Filter>
    </ClInclude>
    <ClInclude Include="UniformBuffer.h">
      <Filter>Header Files\GLobjectWrappers</Filter>
    </ClInclude>
    <ClInclude Include="Renderer.h">
      <Filter>Header Files\Engine</Filter>
    </ClInclude>
    <ClInclude Include="LitObject.h">
      <Filter>Header Files\Engine</Filter>
    </ClInclude>
    <ClInclude Include="Light.h">
      <Filter>Header Files\Engine\Light</Filter>
    </ClInclude>
    <ClInclude Include="DiffuseLight.h">
      <Filter>Header Files\Engine\Light</Filter>
    </ClInclude>
    <ClInclude Include="AmbientLight.h">
      <Filter>Header Files\Engine\Light</Filter>
    </ClInclude>
    <ClInclude Include="SpecularPointLight.h">
      <Filter>Header Files\Engine\Light</Filter>
    </ClInclude>
    <ClInclude Include="OGLobject.h">
      <Filter>Header Files\GLobjectWrappers</Filter>
    </ClInclude>
    <ClInclude Include="RenderBufferObject.h">
      <Filter>Header Files\GLobjectWrappers</Filter>
    </ClInclude>
    <ClInclude Include="Texture.h">
      <Filter>Header Files\GLobjectWrappers\Texture</Filter>
    </ClInclude>
    <ClInclude Include="Texture2D.h">
      <Filter>Header Files\GLobjectWrappers\Texture</Filter>
    </ClInclude>
    <ClInclude Include="FrameBufferObject.h">
      <Filter>Header Files\GLobjectWrappers</Filter>
    </ClInclude>
    <ClInclude Include="OGLobjects.h">
      <Filter>Header Files\GLobjectWrappers</Filter>
    </ClInclude>
    <ClInclude Include="Square.h">
      <Filter>Header Files\Geometry</Filter>
    </ClInclude>
    <ClInclude Include="Triangle.h">
      <Filter>Header Files\Geometry</Filter>
    </ClInclude>
    <ClInclude Include="Lights.h">
      <Filter>Header Files\Engine\Light</Filter>
    </ClInclude>
    <ClInclude Include="Geometry.h">
      <Filter>Header Files\Geometry</Filter>
    </ClInclude>
    <ClInclude Include="Material.h">
      <Filter>Header Files\Engine</Filter>
    </ClInclude>
    <ClInclude Include="Sphere.h">
      <Filter>Header Files\Geometry</Filter>
    </ClInclude>
    <ClInclude Include="Engine.h">
      <Filter>Header Files\Engine</Filter>
    </ClInclude>
    <ClInclude Include="UnLitObject.h">
      <Filter>Header Files\Engine</Filter>
    </ClInclude>
    <ClInclude Include="tiny_obj_loader.h">
      <Filter>Header Files\Utilities</Filter>
    </ClInclude>
    <ClInclude Include="Object3D.h">
      <Filter>Header Files\Geometry</Filter>
    </ClInclude>
    <ClInclude Include="UnlitObject3D.h">
      <Filter>Header Files\Geometry</Filter>
    </ClInclude>
  </ItemGroup>
</Project>